
Microsoft Visual Studio Solution File, Format Version 12.00
# Visual Studio Version 16
VisualStudioVersion = 16.0.30804.86
MinimumVisualStudioVersion = 10.0.40219.1
Project("{FAE04EC0-301F-11D3-BF4B-00C04F79EFBC}") = "[x]_Science!", "X-Science\[x]_Science!.csproj", "{DDFBE6F2-5DC6-4493-AB08-89F9A33A3219}"
EndProject
Project("{2150E333-8FDC-42A3-9474-1A3956D46DE8}") = "Solution Items", "Solution Items", "{C2F1C6C0-A90D-48EC-8271-D55E05326F92}"
	ProjectSection(SolutionItems) = preProject
		[x]-Science!.version = [x]-Science!.version
		buildRelease.bat = buildRelease.bat
		ChangeLog.txt = ChangeLog.txt
		deploy.bat = deploy.bat
		jenkins.txt = jenkins.txt
		README.md = README.md
	EndProjectSection
EndProject
Project("{FAE04EC0-301F-11D3-BF4B-00C04F79EFBC}") = "[x]_Science! -1.8.1", "X-Science\[x]_Science! -1.8.1.csproj", "{58BBDC8B-AC10-4F7E-A51F-3E3C659B23F5}"
EndProject
Global
	GlobalSection(SolutionConfigurationPlatforms) = preSolution
		Debug|Any CPU = Debug|Any CPU
		Release|Any CPU = Release|Any CPU
	EndGlobalSection
	GlobalSection(ProjectConfigurationPlatforms) = postSolution
		{DDFBE6F2-5DC6-4493-AB08-89F9A33A3219}.Debug|Any CPU.ActiveCfg = Debug|Any CPU
		{DDFBE6F2-5DC6-4493-AB08-89F9A33A3219}.Debug|Any CPU.Build.0 = Debug|Any CPU
		{DDFBE6F2-5DC6-4493-AB08-89F9A33A3219}.Release|Any CPU.ActiveCfg = Release|Any CPU
		{DDFBE6F2-5DC6-4493-AB08-89F9A33A3219}.Release|Any CPU.Build.0 = Release|Any CPU
		{58BBDC8B-AC10-4F7E-A51F-3E3C659B23F5}.Debug|Any CPU.ActiveCfg = Debug|Any CPU
		{58BBDC8B-AC10-4F7E-A51F-3E3C659B23F5}.Debug|Any CPU.Build.0 = Debug|Any CPU
		{58BBDC8B-AC10-4F7E-A51F-3E3C659B23F5}.Release|Any CPU.ActiveCfg = Release|Any CPU
		{58BBDC8B-AC10-4F7E-A51F-3E3C659B23F5}.Release|Any CPU.Build.0 = Release|Any CPU
	EndGlobalSection
	GlobalSection(SolutionProperties) = preSolution
		HideSolutionNode = FALSE
	EndGlobalSection
	GlobalSection(ExtensibilityGlobals) = postSolution
		SolutionGuid = {D88951AD-C2DB-47EC-B084-05E70D6C5D27}
	EndGlobalSection
EndGlobal
